
Microsoft Visual Studio Solution File, Format Version 12.00
Project("{FAE04EC0-301F-11D3-BF4B-00C04F79EFBC}") = "CSCourseLab2", "CSCourseLab2\CSCourseLab2.csproj", "{FFC6D977-002B-4646-8B0B-323BB349EFB5}"
EndProject
Global
	GlobalSection(SolutionConfigurationPlatforms) = preSolution
		Debug|Any CPU = Debug|Any CPU
		Release|Any CPU = Release|Any CPU
	EndGlobalSection
	GlobalSection(ProjectConfigurationPlatforms) = postSolution
		{FFC6D977-002B-4646-8B0B-323BB349EFB5}.Debug|Any CPU.ActiveCfg = Debug|Any CPU
		{FFC6D977-002B-4646-8B0B-323BB349EFB5}.Debug|Any CPU.Build.0 = Debug|Any CPU
		{FFC6D977-002B-4646-8B0B-323BB349EFB5}.Release|Any CPU.ActiveCfg = Release|Any CPU
		{FFC6D977-002B-4646-8B0B-323BB349EFB5}.Release|Any CPU.Build.0 = Release|Any CPU
	EndGlobalSection
EndGlobal
