
Microsoft Visual Studio Solution File, Format Version 12.00
Project("{FAE04EC0-301F-11D3-BF4B-00C04F79EFBC}") = "CSCourseLab3", "CSCourseLab3\CSCourseLab3.csproj", "{67061057-FACE-4051-B8ED-6CB52C208E62}"
EndProject
Global
	GlobalSection(SolutionConfigurationPlatforms) = preSolution
		Debug|Any CPU = Debug|Any CPU
		Release|Any CPU = Release|Any CPU
	EndGlobalSection
	GlobalSection(ProjectConfigurationPlatforms) = postSolution
		{67061057-FACE-4051-B8ED-6CB52C208E62}.Debug|Any CPU.ActiveCfg = Debug|Any CPU
		{67061057-FACE-4051-B8ED-6CB52C208E62}.Debug|Any CPU.Build.0 = Debug|Any CPU
		{67061057-FACE-4051-B8ED-6CB52C208E62}.Release|Any CPU.ActiveCfg = Release|Any CPU
		{67061057-FACE-4051-B8ED-6CB52C208E62}.Release|Any CPU.Build.0 = Release|Any CPU
	EndGlobalSection
EndGlobal
